{
  "name": "testingpkgs",
  "version": "1.0.0",
  "lockfileVersion": 1,
  "requires": true,
  "dependencies": {
    "crunchyholymonkey": {
      "version": "1.0.0",
      "resolved": "https://registry.npmjs.org/crunchyholymonkey/-/crunchyholymonkey-1.0.0.tgz",
      "integrity": "sha512-itno3QEFHQg2mi3Cecn9TK6a0354FRGKsknQ7KnJ6nMfIKUefmhFcIf0d48g3lvAeR115tndnR4sSbOqn2TUNA=="
    },
    "krazymonkey45": {
      "version": "1.0.0",
      "resolved": "https://registry.npmjs.org/krazymonkey45/-/krazymonkey45-1.0.0.tgz",
      "integrity": "sha512-TMdqDl4Hzv54/gQRIVGMshQYQEAbT2cMKEze+qYHjPCz9y35dbJBsC7i1KmkAYVXqeHGEawUOwTUXg5hqabEjA=="
    },
    "landmammalpunch": {
      "version": "1.0.0",
      "resolved": "https://registry.npmjs.org/landmammalpunch/-/landmammalpunch-1.0.0.tgz",
      "integrity": "sha512-OlU9H3HqeZqxmtbzSO8WSpCf3LTgzAxcEiPxrdJdrEN+C2P2H8p+tJpPLTqmgbfq8f7EJ6563fuItHZrGE78TQ=="
    }
  }
}
